// !$*UTF8*$!
{
	archiveVersion = 1;
	classes = {
	};
	objectVersion = 46;
	objects = {

/* Begin PBXBuildFile section */
		7D4FB5ED1A2929E100AE00C7 /* Note.swift in Sources */ = {isa = PBXBuildFile; fileRef = 7D4FB5EC1A2929E100AE00C7 /* Note.swift */; };
		7D69A8D41A27832000DBCA74 /* AppDelegate.swift in Sources */ = {isa = PBXBuildFile; fileRef = 7D69A8D31A27832000DBCA74 /* AppDelegate.swift */; };
		7D69A8D61A27832000DBCA74 /* ViewController.swift in Sources */ = {isa = PBXBuildFile; fileRef = 7D69A8D51A27832000DBCA74 /* ViewController.swift */; };
		7D69A8D81A27832000DBCA74 /* Document.swift in Sources */ = {isa = PBXBuildFile; fileRef = 7D69A8D71A27832000DBCA74 /* Document.swift */; };
		7D69A8DA1A27832000DBCA74 /* Images.xcassets in Resources */ = {isa = PBXBuildFile; fileRef = 7D69A8D91A27832000DBCA74 /* Images.xcassets */; };
		7D69A8DD1A27832000DBCA74 /* Main.storyboard in Resources */ = {isa = PBXBuildFile; fileRef = 7D69A8DB1A27832000DBCA74 /* Main.storyboard */; };
		7D69A8E91A27832000DBCA74 /* Notepad_BrowserTests.swift in Sources */ = {isa = PBXBuildFile; fileRef = 7D69A8E81A27832000DBCA74 /* Notepad_BrowserTests.swift */; };
		7D69A8F31A27985E00DBCA74 /* WebKit.framework in Frameworks */ = {isa = PBXBuildFile; fileRef = 7D69A8F21A27985E00DBCA74 /* WebKit.framework */; };
		7D76E9001A27DE76003E862C /* TextViewController.swift in Sources */ = {isa = PBXBuildFile; fileRef = 7D76E8FF1A27DE76003E862C /* TextViewController.swift */; };
/* End PBXBuildFile section */

/* Begin PBXContainerItemProxy section */
		7D69A8E31A27832000DBCA74 /* PBXContainerItemProxy */ = {
			isa = PBXContainerItemProxy;
			containerPortal = 7D69A8C61A27832000DBCA74 /* Project object */;
			proxyType = 1;
			remoteGlobalIDString = 7D69A8CD1A27832000DBCA74;
			remoteInfo = "Notepad Browser";
		};
/* End PBXContainerItemProxy section */

/* Begin PBXFileReference section */
		7D4FB5EC1A2929E100AE00C7 /* Note.swift */ = {isa = PBXFileReference; fileEncoding = 4; lastKnownFileType = sourcecode.swift; path = Note.swift; sourceTree = "<group>"; };
		7D69A8CE1A27832000DBCA74 /* Notepad Browser.app */ = {isa = PBXFileReference; explicitFileType = wrapper.application; includeInIndex = 0; path = "Notepad Browser.app"; sourceTree = BUILT_PRODUCTS_DIR; };
		7D69A8D21A27832000DBCA74 /* Info.plist */ = {isa = PBXFileReference; lastKnownFileType = text.plist.xml; path = Info.plist; sourceTree = "<group>"; };
		7D69A8D31A27832000DBCA74 /* AppDelegate.swift */ = {isa = PBXFileReference; lastKnownFileType = sourcecode.swift; path = AppDelegate.swift; sourceTree = "<group>"; };
		7D69A8D51A27832000DBCA74 /* ViewController.swift */ = {isa = PBXFileReference; lastKnownFileType = sourcecode.swift; path = ViewController.swift; sourceTree = "<group>"; };
		7D69A8D71A27832000DBCA74 /* Document.swift */ = {isa = PBXFileReference; lastKnownFileType = sourcecode.swift; path = Document.swift; sourceTree = "<group>"; };
		7D69A8D91A27832000DBCA74 /* Images.xcassets */ = {isa = PBXFileReference; lastKnownFileType = folder.assetcatalog; path = Images.xcassets; sourceTree = "<group>"; };
		7D69A8DC1A27832000DBCA74 /* Base */ = {isa = PBXFileReference; lastKnownFileType = file.storyboard; name = Base; path = Base.lproj/Main.storyboard; sourceTree = "<group>"; };
		7D69A8E21A27832000DBCA74 /* Notepad BrowserTests.xctest */ = {isa = PBXFileReference; explicitFileType = wrapper.cfbundle; includeInIndex = 0; path = "Notepad BrowserTests.xctest"; sourceTree = BUILT_PRODUCTS_DIR; };
		7D69A8E71A27832000DBCA74 /* Info.plist */ = {isa = PBXFileReference; lastKnownFileType = text.plist.xml; path = Info.plist; sourceTree = "<group>"; };
		7D69A8E81A27832000DBCA74 /* Notepad_BrowserTests.swift */ = {isa = PBXFileReference; lastKnownFileType = sourcecode.swift; path = Notepad_BrowserTests.swift; sourceTree = "<group>"; };
		7D69A8F21A27985E00DBCA74 /* WebKit.framework */ = {isa = PBXFileReference; lastKnownFileType = wrapper.framework; name = WebKit.framework; path = System/Library/Frameworks/WebKit.framework; sourceTree = SDKROOT; };
		7D76E8FF1A27DE76003E862C /* TextViewController.swift */ = {isa = PBXFileReference; fileEncoding = 4; lastKnownFileType = sourcecode.swift; path = TextViewController.swift; sourceTree = "<group>"; };
/* End PBXFileReference section */

/* Begin PBXFrameworksBuildPhase section */
		7D69A8CB1A27832000DBCA74 /* Frameworks */ = {
			isa = PBXFrameworksBuildPhase;
			buildActionMask = 2147483647;
			files = (
				7D69A8F31A27985E00DBCA74 /* WebKit.framework in Frameworks */,
			);
			runOnlyForDeploymentPostprocessing = 0;
		};
		7D69A8DF1A27832000DBCA74 /* Frameworks */ = {
			isa = PBXFrameworksBuildPhase;
			buildActionMask = 2147483647;
			files = (
			);
			runOnlyForDeploymentPostprocessing = 0;
		};
/* End PBXFrameworksBuildPhase section */

/* Begin PBXGroup section */
		7D69A8C51A27832000DBCA74 = {
			isa = PBXGroup;
			children = (
				7D69A8F21A27985E00DBCA74 /* WebKit.framework */,
				7D69A8D01A27832000DBCA74 /* Notepad Browser */,
				7D69A8E51A27832000DBCA74 /* Notepad BrowserTests */,
				7D69A8CF1A27832000DBCA74 /* Products */,
			);
			sourceTree = "<group>";
		};
		7D69A8CF1A27832000DBCA74 /* Products */ = {
			isa = PBXGroup;
			children = (
				7D69A8CE1A27832000DBCA74 /* Notepad Browser.app */,
				7D69A8E21A27832000DBCA74 /* Notepad BrowserTests.xctest */,
			);
			name = Products;
			sourceTree = "<group>";
		};
		7D69A8D01A27832000DBCA74 /* Notepad Browser */ = {
			isa = PBXGroup;
			children = (
				7D69A8D31A27832000DBCA74 /* AppDelegate.swift */,
				7D69A8D51A27832000DBCA74 /* ViewController.swift */,
				7D76E8FF1A27DE76003E862C /* TextViewController.swift */,
				7D69A8D71A27832000DBCA74 /* Document.swift */,
				7D4FB5EC1A2929E100AE00C7 /* Note.swift */,
				7D69A8D91A27832000DBCA74 /* Images.xcassets */,
				7D69A8DB1A27832000DBCA74 /* Main.storyboard */,
				7D69A8D11A27832000DBCA74 /* Supporting Files */,
			);
			path = "Notepad Browser";
			sourceTree = "<group>";
		};
		7D69A8D11A27832000DBCA74 /* Supporting Files */ = {
			isa = PBXGroup;
			children = (
				7D69A8D21A27832000DBCA74 /* Info.plist */,
			);
			name = "Supporting Files";
			sourceTree = "<group>";
		};
		7D69A8E51A27832000DBCA74 /* Notepad BrowserTests */ = {
			isa = PBXGroup;
			children = (
				7D69A8E81A27832000DBCA74 /* Notepad_BrowserTests.swift */,
				7D69A8E61A27832000DBCA74 /* Supporting Files */,
			);
			path = "Notepad BrowserTests";
			sourceTree = "<group>";
		};
		7D69A8E61A27832000DBCA74 /* Supporting Files */ = {
			isa = PBXGroup;
			children = (
				7D69A8E71A27832000DBCA74 /* Info.plist */,
			);
			name = "Supporting Files";
			sourceTree = "<group>";
		};
/* End PBXGroup section */

/* Begin PBXNativeTarget section */
		7D69A8CD1A27832000DBCA74 /* Notepad Browser */ = {
			isa = PBXNativeTarget;
			buildConfigurationList = 7D69A8EC1A27832000DBCA74 /* Build configuration list for PBXNativeTarget "Notepad Browser" */;
			buildPhases = (
				7D69A8CA1A27832000DBCA74 /* Sources */,
				7D69A8CB1A27832000DBCA74 /* Frameworks */,
				7D69A8CC1A27832000DBCA74 /* Resources */,
			);
			buildRules = (
			);
			dependencies = (
			);
			name = "Notepad Browser";
			productName = "Notepad Browser";
			productReference = 7D69A8CE1A27832000DBCA74 /* Notepad Browser.app */;
			productType = "com.apple.product-type.application";
		};
		7D69A8E11A27832000DBCA74 /* Notepad BrowserTests */ = {
			isa = PBXNativeTarget;
			buildConfigurationList = 7D69A8EF1A27832000DBCA74 /* Build configuration list for PBXNativeTarget "Notepad BrowserTests" */;
			buildPhases = (
				7D69A8DE1A27832000DBCA74 /* Sources */,
				7D69A8DF1A27832000DBCA74 /* Frameworks */,
				7D69A8E01A27832000DBCA74 /* Resources */,
			);
			buildRules = (
			);
			dependencies = (
				7D69A8E41A27832000DBCA74 /* PBXTargetDependency */,
			);
			name = "Notepad BrowserTests";
			productName = "Notepad BrowserTests";
			productReference = 7D69A8E21A27832000DBCA74 /* Notepad BrowserTests.xctest */;
			productType = "com.apple.product-type.bundle.unit-test";
		};
/* End PBXNativeTarget section */

/* Begin PBXProject section */
		7D69A8C61A27832000DBCA74 /* Project object */ = {
			isa = PBXProject;
			attributes = {
				LastUpgradeCheck = 0610;
				ORGANIZATIONNAME = Pakorasoft;
				TargetAttributes = {
					7D69A8CD1A27832000DBCA74 = {
						CreatedOnToolsVersion = 6.1;
					};
					7D69A8E11A27832000DBCA74 = {
						CreatedOnToolsVersion = 6.1;
						TestTargetID = 7D69A8CD1A27832000DBCA74;
					};
				};
			};
			buildConfigurationList = 7D69A8C91A27832000DBCA74 /* Build configuration list for PBXProject "Notepad Browser" */;
			compatibilityVersion = "Xcode 3.2";
			developmentRegion = English;
			hasScannedForEncodings = 0;
			knownRegions = (
				en,
				Base,
			);
			mainGroup = 7D69A8C51A27832000DBCA74;
			productRefGroup = 7D69A8CF1A27832000DBCA74 /* Products */;
			projectDirPath = "";
			projectRoot = "";
			targets = (
				7D69A8CD1A27832000DBCA74 /* Notepad Browser */,
				7D69A8E11A27832000DBCA74 /* Notepad BrowserTests */,
			);
		};
/* End PBXProject section */

/* Begin PBXResourcesBuildPhase section */
		7D69A8CC1A27832000DBCA74 /* Resources */ = {
			isa = PBXResourcesBuildPhase;
			buildActionMask = 2147483647;
			files = (
				7D69A8DA1A27832000DBCA74 /* Images.xcassets in Resources */,
				7D69A8DD1A27832000DBCA74 /* Main.storyboard in Resources */,
			);
			runOnlyForDeploymentPostprocessing = 0;
		};
		7D69A8E01A27832000DBCA74 /* Resources */ = {
			isa = PBXResourcesBuildPhase;
			buildActionMask = 2147483647;
			files = (
			);
			runOnlyForDeploymentPostprocessing = 0;
		};
/* End PBXResourcesBuildPhase section */

/* Begin PBXSourcesBuildPhase section */
		7D69A8CA1A27832000DBCA74 /* Sources */ = {
			isa = PBXSourcesBuildPhase;
			buildActionMask = 2147483647;
			files = (
				7D4FB5ED1A2929E100AE00C7 /* Note.swift in Sources */,
				7D69A8D61A27832000DBCA74 /* ViewController.swift in Sources */,
				7D69A8D41A27832000DBCA74 /* AppDelegate.swift in Sources */,
				7D69A8D81A27832000DBCA74 /* Document.swift in Sources */,
				7D76E9001A27DE76003E862C /* TextViewController.swift in Sources */,
			);
			runOnlyForDeploymentPostprocessing = 0;
		};
		7D69A8DE1A27832000DBCA74 /* Sources */ = {
			isa = PBXSourcesBuildPhase;
			buildActionMask = 2147483647;
			files = (
				7D69A8E91A27832000DBCA74 /* Notepad_BrowserTests.swift in Sources */,
			);
			runOnlyForDeploymentPostprocessing = 0;
		};
/* End PBXSourcesBuildPhase section */

/* Begin PBXTargetDependency section */
		7D69A8E41A27832000DBCA74 /* PBXTargetDependency */ = {
			isa = PBXTargetDependency;
			target = 7D69A8CD1A27832000DBCA74 /* Notepad Browser */;
			targetProxy = 7D69A8E31A27832000DBCA74 /* PBXContainerItemProxy */;
		};
/* End PBXTargetDependency section */

/* Begin PBXVariantGroup section */
		7D69A8DB1A27832000DBCA74 /* Main.storyboard */ = {
			isa = PBXVariantGroup;
			children = (
				7D69A8DC1A27832000DBCA74 /* Base */,
			);
			name = Main.storyboard;
			sourceTree = "<group>";
		};
/* End PBXVariantGroup section */

/* Begin XCBuildConfiguration section */
		7D69A8EA1A27832000DBCA74 /* Debug */ = {
			isa = XCBuildConfiguration;
			buildSettings = {
				ALWAYS_SEARCH_USER_PATHS = NO;
				CLANG_CXX_LANGUAGE_STANDARD = "gnu++0x";
				CLANG_CXX_LIBRARY = "libc++";
				CLANG_ENABLE_MODULES = YES;
				CLANG_ENABLE_OBJC_ARC = YES;
				CLANG_WARN_BOOL_CONVERSION = YES;
				CLANG_WARN_CONSTANT_CONVERSION = YES;
				CLANG_WARN_DIRECT_OBJC_ISA_USAGE = YES_ERROR;
				CLANG_WARN_EMPTY_BODY = YES;
				CLANG_WARN_ENUM_CONVERSION = YES;
				CLANG_WARN_INT_CONVERSION = YES;
				CLANG_WARN_OBJC_ROOT_CLASS = YES_ERROR;
				CLANG_WARN_UNREACHABLE_CODE = YES;
				CLANG_WARN__DUPLICATE_METHOD_MATCH = YES;
				CODE_SIGN_IDENTITY = "-";
				COPY_PHASE_STRIP = NO;
				ENABLE_STRICT_OBJC_MSGSEND = YES;
				GCC_C_LANGUAGE_STANDARD = gnu99;
				GCC_DYNAMIC_NO_PIC = NO;
				GCC_OPTIMIZATION_LEVEL = 0;
				GCC_PREPROCESSOR_DEFINITIONS = (
					"DEBUG=1",
					"$(inherited)",
				);
				GCC_SYMBOLS_PRIVATE_EXTERN = NO;
				GCC_WARN_64_TO_32_BIT_CONVERSION = YES;
				GCC_WARN_ABOUT_RETURN_TYPE = YES_ERROR;
				GCC_WARN_UNDECLARED_SELECTOR = YES;
				GCC_WARN_UNINITIALIZED_AUTOS = YES_AGGRESSIVE;
				GCC_WARN_UNUSED_FUNCTION = YES;
				GCC_WARN_UNUSED_VARIABLE = YES;
				MACOSX_DEPLOYMENT_TARGET = 10.10;
				MTL_ENABLE_DEBUG_INFO = YES;
				ONLY_ACTIVE_ARCH = YES;
				SDKROOT = macosx;
				SWIFT_OPTIMIZATION_LEVEL = "-Onone";
			};
			name = Debug;
		};
		7D69A8EB1A27832000DBCA74 /* Release */ = {
			isa = XCBuildConfiguration;
			buildSettings = {
				ALWAYS_SEARCH_USER_PATHS = NO;
				CLANG_CXX_LANGUAGE_STANDARD = "gnu++0x";
				CLANG_CXX_LIBRARY = "libc++";
				CLANG_ENABLE_MODULES = YES;
				CLANG_ENABLE_OBJC_ARC = YES;
				CLANG_WARN_BOOL_CONVERSION = YES;
				CLANG_WARN_CONSTANT_CONVERSION = YES;
				CLANG_WARN_DIRECT_OBJC_ISA_USAGE = YES_ERROR;
				CLANG_WARN_EMPTY_BODY = YES;
				CLANG_WARN_ENUM_CONVERSION = YES;
				CLANG_WARN_INT_CONVERSION = YES;
				CLANG_WARN_OBJC_ROOT_CLASS = YES_ERROR;
				CLANG_WARN_UNREACHABLE_CODE = YES;
				CLANG_WARN__DUPLICATE_METHOD_MATCH = YES;
				CODE_SIGN_IDENTITY = "-";
				COPY_PHASE_STRIP = YES;
				DEBUG_INFORMATION_FORMAT = "dwarf-with-dsym";
				ENABLE_NS_ASSERTIONS = NO;
				ENABLE_STRICT_OBJC_MSGSEND = YES;
				GCC_C_LANGUAGE_STANDARD = gnu99;
				GCC_WARN_64_TO_32_BIT_CONVERSION = YES;
				GCC_WARN_ABOUT_RETURN_TYPE = YES_ERROR;
				GCC_WARN_UNDECLARED_SELECTOR = YES;
				GCC_WARN_UNINITIALIZED_AUTOS = YES_AGGRESSIVE;
				GCC_WARN_UNUSED_FUNCTION = YES;
				GCC_WARN_UNUSED_VARIABLE = YES;
				MACOSX_DEPLOYMENT_TARGET = 10.10;
				MTL_ENABLE_DEBUG_INFO = NO;
				SDKROOT = macosx;
			};
			name = Release;
		};
		7D69A8ED1A27832000DBCA74 /* Debug */ = {
			isa = XCBuildConfiguration;
			buildSettings = {
				ASSETCATALOG_COMPILER_APPICON_NAME = AppIcon;
				COMBINE_HIDPI_IMAGES = YES;
				INFOPLIST_FILE = "Notepad Browser/Info.plist";
				LD_RUNPATH_SEARCH_PATHS = "$(inherited) @executable_path/../Frameworks";
				PRODUCT_NAME = "$(TARGET_NAME)";
			};
			name = Debug;
		};
		7D69A8EE1A27832000DBCA74 /* Release */ = {
			isa = XCBuildConfiguration;
			buildSettings = {
				ASSETCATALOG_COMPILER_APPICON_NAME = AppIcon;
				COMBINE_HIDPI_IMAGES = YES;
				INFOPLIST_FILE = "Notepad Browser/Info.plist";
				LD_RUNPATH_SEARCH_PATHS = "$(inherited) @executable_path/../Frameworks";
				PRODUCT_NAME = "$(TARGET_NAME)";
			};
			name = Release;
		};
		7D69A8F01A27832000DBCA74 /* Debug */ = {
			isa = XCBuildConfiguration;
			buildSettings = {
				BUNDLE_LOADER = "$(TEST_HOST)";
				COMBINE_HIDPI_IMAGES = YES;
				FRAMEWORK_SEARCH_PATHS = (
					"$(DEVELOPER_FRAMEWORKS_DIR)",
					"$(inherited)",
				);
				GCC_PREPROCESSOR_DEFINITIONS = (
					"DEBUG=1",
					"$(inherited)",
				);
				INFOPLIST_FILE = "Notepad BrowserTests/Info.plist";
				LD_RUNPATH_SEARCH_PATHS = "$(inherited) @executable_path/../Frameworks @loader_path/../Frameworks";
				PRODUCT_NAME = "$(TARGET_NAME)";
				TEST_HOST = "$(BUILT_PRODUCTS_DIR)/Notepad Browser.app/Contents/MacOS/Notepad Browser";
			};
			name = Debug;
		};
		7D69A8F11A27832000DBCA74 /* Release */ = {
			isa = XCBuildConfiguration;
			buildSettings = {
				BUNDLE_LOADER = "$(TEST_HOST)";
				COMBINE_HIDPI_IMAGES = YES;
				FRAMEWORK_SEARCH_PATHS = (
					"$(DEVELOPER_FRAMEWORKS_DIR)",
					"$(inherited)",
				);
				INFOPLIST_FILE = "Notepad BrowserTests/Info.plist";
				LD_RUNPATH_SEARCH_PATHS = "$(inherited) @executable_path/../Frameworks @loader_path/../Frameworks";
				PRODUCT_NAME = "$(TARGET_NAME)";
				TEST_HOST = "$(BUILT_PRODUCTS_DIR)/Notepad Browser.app/Contents/MacOS/Notepad Browser";
			};
			name = Release;
		};
/* End XCBuildConfiguration section */

/* Begin XCConfigurationList section */
		7D69A8C91A27832000DBCA74 /* Build configuration list for PBXProject "Notepad Browser" */ = {
			isa = XCConfigurationList;
			buildConfigurations = (
				7D69A8EA1A27832000DBCA74 /* Debug */,
				7D69A8EB1A27832000DBCA74 /* Release */,
			);
			defaultConfigurationIsVisible = 0;
			defaultConfigurationName = Release;
		};
		7D69A8EC1A27832000DBCA74 /* Build configuration list for PBXNativeTarget "Notepad Browser" */ = {
			isa = XCConfigurationList;
			buildConfigurations = (
				7D69A8ED1A27832000DBCA74 /* Debug */,
				7D69A8EE1A27832000DBCA74 /* Release */,
			);
			defaultConfigurationIsVisible = 0;
			defaultConfigurationName = Release;
		};
		7D69A8EF1A27832000DBCA74 /* Build configuration list for PBXNativeTarget "Notepad BrowserTests" */ = {
			isa = XCConfigurationList;
			buildConfigurations = (
				7D69A8F01A27832000DBCA74 /* Debug */,
				7D69A8F11A27832000DBCA74 /* Release */,
			);
			defaultConfigurationIsVisible = 0;
			defaultConfigurationName = Release;
		};
/* End XCConfigurationList section */
	};
	rootObject = 7D69A8C61A27832000DBCA74 /* Project object */;
}
